dependencies:
- name: accounts-service
  repository: file://./charts/accounts-service
  version: 0.1.0
- name: exchange-generator-service
  repository: file://./charts/exchange-generator-service
  version: 0.1.0
- name: front-ui-service
  repository: file://./charts/front-ui-service
  version: 0.1.0
- name: notifications-service
  repository: file://./charts/notifications-service
  version: 0.1.0
- name: keycloak
  repository: https://charts.bitnami.com/bitnami
  version: 24.7.4
digest: sha256:6b444da55197d19e3ba4ce8962dff801395fc9a1584a1dbc862a44ba18999ccd
generated: "2025-06-22T19:18:52.3152796+04:00"
